
Microsoft Visual Studio Solution File, Format Version 12.00
# Visual Studio 2012
Project("{D954291E-2A0B-460D-934E-DC6B0785DB48}") = "OSL", "OSL\OSL.shproj", "{A39990B1-483E-4A41-8754-286B69961DAE}"
EndProject
Project("{FAE04EC0-301F-11D3-BF4B-00C04F79EFBC}") = "OSL.iOS", "iOS\OSL.iOS.csproj", "{2E6D15CE-9BAE-40BD-8338-CF35677F82A4}"
EndProject
Project("{FAE04EC0-301F-11D3-BF4B-00C04F79EFBC}") = "OSL.Droid", "Droid\OSL.Droid.csproj", "{80A35EFD-91B6-4F59-AC62-1383BC148085}"
EndProject
Project("{FAE04EC0-301F-11D3-BF4B-00C04F79EFBC}") = "OSL.MobileAppService", "MobileAppService\OSL.MobileAppService.csproj", "{BC1FD358-A229-4D94-A186-E3B6E2282AFC}"
EndProject
Global
	GlobalSection(SolutionConfigurationPlatforms) = preSolution
		Debug|iPhoneSimulator = Debug|iPhoneSimulator
		Release|iPhone = Release|iPhone
		Release|iPhoneSimulator = Release|iPhoneSimulator
		Debug|iPhone = Debug|iPhone
		Debug|Any CPU = Debug|Any CPU
		Release|Any CPU = Release|Any CPU
	EndGlobalSection
	GlobalSection(ProjectConfigurationPlatforms) = postSolution
		{2E6D15CE-9BAE-40BD-8338-CF35677F82A4}.Debug|iPhoneSimulator.ActiveCfg = Debug|iPhoneSimulator
		{2E6D15CE-9BAE-40BD-8338-CF35677F82A4}.Debug|iPhoneSimulator.Build.0 = Debug|iPhoneSimulator
		{2E6D15CE-9BAE-40BD-8338-CF35677F82A4}.Release|iPhone.ActiveCfg = Release|iPhone
		{2E6D15CE-9BAE-40BD-8338-CF35677F82A4}.Release|iPhone.Build.0 = Release|iPhone
		{2E6D15CE-9BAE-40BD-8338-CF35677F82A4}.Release|iPhoneSimulator.ActiveCfg = Release|iPhoneSimulator
		{2E6D15CE-9BAE-40BD-8338-CF35677F82A4}.Release|iPhoneSimulator.Build.0 = Release|iPhoneSimulator
		{2E6D15CE-9BAE-40BD-8338-CF35677F82A4}.Debug|iPhone.ActiveCfg = Debug|iPhone
		{2E6D15CE-9BAE-40BD-8338-CF35677F82A4}.Debug|iPhone.Build.0 = Debug|iPhone
		{2E6D15CE-9BAE-40BD-8338-CF35677F82A4}.Debug|Any CPU.ActiveCfg = Debug|iPhoneSimulator
		{2E6D15CE-9BAE-40BD-8338-CF35677F82A4}.Debug|Any CPU.Build.0 = Debug|iPhoneSimulator
		{2E6D15CE-9BAE-40BD-8338-CF35677F82A4}.Release|Any CPU.ActiveCfg = Release|iPhone
		{2E6D15CE-9BAE-40BD-8338-CF35677F82A4}.Release|Any CPU.Build.0 = Release|iPhone
		{80A35EFD-91B6-4F59-AC62-1383BC148085}.Debug|iPhoneSimulator.ActiveCfg = Debug|Any CPU
		{80A35EFD-91B6-4F59-AC62-1383BC148085}.Debug|iPhoneSimulator.Build.0 = Debug|Any CPU
		{80A35EFD-91B6-4F59-AC62-1383BC148085}.Release|iPhone.ActiveCfg = Release|Any CPU
		{80A35EFD-91B6-4F59-AC62-1383BC148085}.Release|iPhone.Build.0 = Release|Any CPU
		{80A35EFD-91B6-4F59-AC62-1383BC148085}.Release|iPhoneSimulator.ActiveCfg = Release|Any CPU
		{80A35EFD-91B6-4F59-AC62-1383BC148085}.Release|iPhoneSimulator.Build.0 = Release|Any CPU
		{80A35EFD-91B6-4F59-AC62-1383BC148085}.Debug|iPhone.ActiveCfg = Debug|Any CPU
		{80A35EFD-91B6-4F59-AC62-1383BC148085}.Debug|iPhone.Build.0 = Debug|Any CPU
		{80A35EFD-91B6-4F59-AC62-1383BC148085}.Debug|Any CPU.ActiveCfg = Debug|Any CPU
		{80A35EFD-91B6-4F59-AC62-1383BC148085}.Debug|Any CPU.Build.0 = Debug|Any CPU
		{80A35EFD-91B6-4F59-AC62-1383BC148085}.Release|Any CPU.ActiveCfg = Release|Any CPU
		{80A35EFD-91B6-4F59-AC62-1383BC148085}.Release|Any CPU.Build.0 = Release|Any CPU
		{BC1FD358-A229-4D94-A186-E3B6E2282AFC}.Debug|iPhoneSimulator.ActiveCfg = Debug|Any CPU
		{BC1FD358-A229-4D94-A186-E3B6E2282AFC}.Debug|iPhoneSimulator.Build.0 = Debug|Any CPU
		{BC1FD358-A229-4D94-A186-E3B6E2282AFC}.Release|iPhone.ActiveCfg = Release|Any CPU
		{BC1FD358-A229-4D94-A186-E3B6E2282AFC}.Release|iPhone.Build.0 = Release|Any CPU
		{BC1FD358-A229-4D94-A186-E3B6E2282AFC}.Release|iPhoneSimulator.ActiveCfg = Release|Any CPU
		{BC1FD358-A229-4D94-A186-E3B6E2282AFC}.Release|iPhoneSimulator.Build.0 = Release|Any CPU
		{BC1FD358-A229-4D94-A186-E3B6E2282AFC}.Debug|iPhone.ActiveCfg = Debug|Any CPU
		{BC1FD358-A229-4D94-A186-E3B6E2282AFC}.Debug|iPhone.Build.0 = Debug|Any CPU
		{BC1FD358-A229-4D94-A186-E3B6E2282AFC}.Debug|Any CPU.ActiveCfg = Debug|Any CPU
		{BC1FD358-A229-4D94-A186-E3B6E2282AFC}.Debug|Any CPU.Build.0 = Debug|Any CPU
		{BC1FD358-A229-4D94-A186-E3B6E2282AFC}.Release|Any CPU.ActiveCfg = Release|Any CPU
		{BC1FD358-A229-4D94-A186-E3B6E2282AFC}.Release|Any CPU.Build.0 = Release|Any CPU
	EndGlobalSection
EndGlobal
